lockfileVersion: '9.0'

settings:
  autoInstallPeers: true
  excludeLinksFromLockfile: false

importers:

  .:
    dependencies:
      wink-eng-lite-web-model:
        specifier: ^1.8.1
        version: 1.8.1
      wink-nlp:
        specifier: ^2.3.2
        version: 2.4.0

packages:

  wink-eng-lite-web-model@1.8.1:
    resolution: {integrity: sha512-M2tSOU/rVNkDj8AS8IoKJaM7apJJjS0cN+hE8CPazfnB4A/ojyc9+7RMPk18UOiIdSyWk7MR6w8z9lWix2l5tA==}
    engines: {node: '>=16.0.0'}

  wink-nlp@2.4.0:
    resolution: {integrity: sha512-d02inlNJL0LLNTLoYfkxZYGrqnYDSZV4HI4WpeuyIEfpu7UcUqUW1ZYWr+JTFm4ZR6dQdzOW/FtHEQRO+o/zzA==}

snapshots:

  wink-eng-lite-web-model@1.8.1: {}

  wink-nlp@2.4.0: {}
