lockfileVersion: '9.0'

settings:
  autoInstallPeers: true
  excludeLinksFromLockfile: false

importers:

  .:
    dependencies:
      '@openrouter/sdk':
        specifier: ^1.2.42
        version: 1.2.42

packages:

  '@openrouter/sdk@1.2.42':
    resolution: {integrity: sha512-KBv6ICwzPElLKVJms+mxhEpSJ/YUeY/J2otkesDnlJLNZKwZqP7B6qri0sH5sRC6v0BdPjUonjbA+2PdOB1R3Q==}

  zod@4.4.3:
    resolution: {integrity: sha512-ytENFjIJFl2UwYglde2jchW2Hwm4GJFLDiSXWdTrJQBIN9Fcyp7n4DhxJEiWNAJMV1/BqWfW/kkg71UDcHJyTQ==}

snapshots:

  '@openrouter/sdk@1.2.42':
    dependencies:
      zod: 4.4.3

  zod@4.4.3: {}
